
Microsoft Visual Studio Solution File, Format Version 12.00
# Visual Studio Version 16
VisualStudioVersion = 16.0.31019.35
MinimumVisualStudioVersion = 10.0.40219.1
Project("{9A19103F-16F7-4668-BE54-9A1E7A4F7556}") = "LinkedListDemo", "LinkedListDemo\LinkedListDemo.csproj", "{5934FF22-0398-43D3-BC78-CCD7640E7C7C}"
EndProject
Project("{9A19103F-16F7-4668-BE54-9A1E7A4F7556}") = "LinkedListSequence", "LinkedListSequence\LinkedListSequence.csproj", "{A3C1B466-7A9A-460D-BE74-228C76DE08B7}"
EndProject
Project("{9A19103F-16F7-4668-BE54-9A1E7A4F7556}") = "AppendLinkedList", "AppendLinkedList\AppendLinkedList.csproj", "{3FD4462C-517F-4CA1-ACB7-70DB11636EA8}"
EndProject
Project("{9A19103F-16F7-4668-BE54-9A1E7A4F7556}") = "InsertNodes", "InsertNodes\InsertNodes.csproj", "{B7736064-284D-49B0-8119-D633F4A7CF6F}"
EndProject
Project("{9A19103F-16F7-4668-BE54-9A1E7A4F7556}") = "DeleteFirstElement", "DeleteFirstElement\DeleteFirstElement.csproj", "{1488938C-5271-4F97-82DB-3A27A01F4C17}"
EndProject
Project("{9A19103F-16F7-4668-BE54-9A1E7A4F7556}") = "DeleteLastElement", "DeleteLastElement\DeleteLastElement.csproj", "{A8ACF321-B700-44E4-A599-E186883C70B6}"
EndProject
Project("{9A19103F-16F7-4668-BE54-9A1E7A4F7556}") = "SearchLinkedList", "SearchLinkedList\SearchLinkedList.csproj", "{621360B7-CC01-4B0C-A8FA-19D5ADF346C6}"
EndProject
Project("{9A19103F-16F7-4668-BE54-9A1E7A4F7556}") = "InsertElementInBetwNodes", "InsertElementInBetwNodes\InsertElementInBetwNodes.csproj", "{319B2AD7-5D5C-4CD5-8D56-3331A7FCBDDB}"
EndProject
Project("{FAE04EC0-301F-11D3-BF4B-00C04F79EFBC}") = "DeleteElementInNodes", "DeleteElementInNodes\DeleteElementInNodes.csproj", "{02CE4C8C-297A-4745-9D8D-D330A2E04CCD}"
EndProject
Global
	GlobalSection(SolutionConfigurationPlatforms) = preSolution
		Debug|Any CPU = Debug|Any CPU
		Release|Any CPU = Release|Any CPU
	EndGlobalSection
	GlobalSection(ProjectConfigurationPlatforms) = postSolution
		{5934FF22-0398-43D3-BC78-CCD7640E7C7C}.Debug|Any CPU.ActiveCfg = Debug|Any CPU
		{5934FF22-0398-43D3-BC78-CCD7640E7C7C}.Debug|Any CPU.Build.0 = Debug|Any CPU
		{5934FF22-0398-43D3-BC78-CCD7640E7C7C}.Release|Any CPU.ActiveCfg = Release|Any CPU
		{5934FF22-0398-43D3-BC78-CCD7640E7C7C}.Release|Any CPU.Build.0 = Release|Any CPU
		{A3C1B466-7A9A-460D-BE74-228C76DE08B7}.Debug|Any CPU.ActiveCfg = Debug|Any CPU
		{A3C1B466-7A9A-460D-BE74-228C76DE08B7}.Debug|Any CPU.Build.0 = Debug|Any CPU
		{A3C1B466-7A9A-460D-BE74-228C76DE08B7}.Release|Any CPU.ActiveCfg = Release|Any CPU
		{A3C1B466-7A9A-460D-BE74-228C76DE08B7}.Release|Any CPU.Build.0 = Release|Any CPU
		{3FD4462C-517F-4CA1-ACB7-70DB11636EA8}.Debug|Any CPU.ActiveCfg = Debug|Any CPU
		{3FD4462C-517F-4CA1-ACB7-70DB11636EA8}.Debug|Any CPU.Build.0 = Debug|Any CPU
		{3FD4462C-517F-4CA1-ACB7-70DB11636EA8}.Release|Any CPU.ActiveCfg = Release|Any CPU
		{3FD4462C-517F-4CA1-ACB7-70DB11636EA8}.Release|Any CPU.Build.0 = Release|Any CPU
		{B7736064-284D-49B0-8119-D633F4A7CF6F}.Debug|Any CPU.ActiveCfg = Debug|Any CPU
		{B7736064-284D-49B0-8119-D633F4A7CF6F}.Debug|Any CPU.Build.0 = Debug|Any CPU
		{B7736064-284D-49B0-8119-D633F4A7CF6F}.Release|Any CPU.ActiveCfg = Release|Any CPU
		{B7736064-284D-49B0-8119-D633F4A7CF6F}.Release|Any CPU.Build.0 = Release|Any CPU
		{1488938C-5271-4F97-82DB-3A27A01F4C17}.Debug|Any CPU.ActiveCfg = Debug|Any CPU
		{1488938C-5271-4F97-82DB-3A27A01F4C17}.Debug|Any CPU.Build.0 = Debug|Any CPU
		{1488938C-5271-4F97-82DB-3A27A01F4C17}.Release|Any CPU.ActiveCfg = Release|Any CPU
		{1488938C-5271-4F97-82DB-3A27A01F4C17}.Release|Any CPU.Build.0 = Release|Any CPU
		{A8ACF321-B700-44E4-A599-E186883C70B6}.Debug|Any CPU.ActiveCfg = Debug|Any CPU
		{A8ACF321-B700-44E4-A599-E186883C70B6}.Debug|Any CPU.Build.0 = Debug|Any CPU
		{A8ACF321-B700-44E4-A599-E186883C70B6}.Release|Any CPU.ActiveCfg = Release|Any CPU
		{A8ACF321-B700-44E4-A599-E186883C70B6}.Release|Any CPU.Build.0 = Release|Any CPU
		{621360B7-CC01-4B0C-A8FA-19D5ADF346C6}.Debug|Any CPU.ActiveCfg = Debug|Any CPU
		{621360B7-CC01-4B0C-A8FA-19D5ADF346C6}.Debug|Any CPU.Build.0 = Debug|Any CPU
		{621360B7-CC01-4B0C-A8FA-19D5ADF346C6}.Release|Any CPU.ActiveCfg = Release|Any CPU
		{621360B7-CC01-4B0C-A8FA-19D5ADF346C6}.Release|Any CPU.Build.0 = Release|Any CPU
		{319B2AD7-5D5C-4CD5-8D56-3331A7FCBDDB}.Debug|Any CPU.ActiveCfg = Debug|Any CPU
		{319B2AD7-5D5C-4CD5-8D56-3331A7FCBDDB}.Debug|Any CPU.Build.0 = Debug|Any CPU
		{319B2AD7-5D5C-4CD5-8D56-3331A7FCBDDB}.Release|Any CPU.ActiveCfg = Release|Any CPU
		{319B2AD7-5D5C-4CD5-8D56-3331A7FCBDDB}.Release|Any CPU.Build.0 = Release|Any CPU
		{02CE4C8C-297A-4745-9D8D-D330A2E04CCD}.Debug|Any CPU.ActiveCfg = Debug|Any CPU
		{02CE4C8C-297A-4745-9D8D-D330A2E04CCD}.Debug|Any CPU.Build.0 = Debug|Any CPU
		{02CE4C8C-297A-4745-9D8D-D330A2E04CCD}.Release|Any CPU.ActiveCfg = Release|Any CPU
		{02CE4C8C-297A-4745-9D8D-D330A2E04CCD}.Release|Any CPU.Build.0 = Release|Any CPU
	EndGlobalSection
	GlobalSection(SolutionProperties) = preSolution
		HideSolutionNode = FALSE
	EndGlobalSection
	GlobalSection(ExtensibilityGlobals) = postSolution
		SolutionGuid = {3F9F8E3B-5092-4619-AA75-9F3D1A2D8EEE}
	EndGlobalSection
EndGlobal
